// !$*UTF8*$!
{
	archiveVersion = 1;
	classes = {
	};
	objectVersion = 50;
	objects = {

/* Begin PBXBuildFile section */
		D612D0C025473C6900EEE9D7 /* JaeView.swift in Sources */ = {isa = PBXBuildFile; fileRef = D612D0BF25473C6900EEE9D7 /* JaeView.swift */; };
		D6C8DF132541D6FD00669E2B /* DnD_RollerApp.swift in Sources */ = {isa = PBXBuildFile; fileRef = D6C8DF122541D6FD00669E2B /* DnD_RollerApp.swift */; };
		D6C8DF152541D6FD00669E2B /* ContentView.swift in Sources */ = {isa = PBXBuildFile; fileRef = D6C8DF142541D6FD00669E2B /* ContentView.swift */; };
		D6C8DF172541D70300669E2B /* Assets.xcassets in Resources */ = {isa = PBXBuildFile; fileRef = D6C8DF162541D70300669E2B /* Assets.xcassets */; };
		D6C8DF1A2541D70300669E2B /* Preview Assets.xcassets in Resources */ = {isa = PBXBuildFile; fileRef = D6C8DF192541D70300669E2B /* Preview Assets.xcassets */; };
/* End PBXBuildFile section */

/* Begin PBXFileReference section */
		D612D0BF25473C6900EEE9D7 /* JaeView.swift */ = {isa = PBXFileReference; lastKnownFileType = sourcecode.swift; path = JaeView.swift; sourceTree = "<group>"; };
		D6C8DF0F2541D6FD00669E2B /* DnD Roller.app */ = {isa = PBXFileReference; explicitFileType = wrapper.application; includeInIndex = 0; path = "DnD Roller.app"; sourceTree = BUILT_PRODUCTS_DIR; };
		D6C8DF122541D6FD00669E2B /* DnD_RollerApp.swift */ = {isa = PBXFileReference; lastKnownFileType = sourcecode.swift; path = DnD_RollerApp.swift; sourceTree = "<group>"; };
		D6C8DF142541D6FD00669E2B /* ContentView.swift */ = {isa = PBXFileReference; lastKnownFileType = sourcecode.swift; path = ContentView.swift; sourceTree = "<group>"; };
		D6C8DF162541D70300669E2B /* Assets.xcassets */ = {isa = PBXFileReference; lastKnownFileType = folder.assetcatalog; path = Assets.xcassets; sourceTree = "<group>"; };
		D6C8DF192541D70300669E2B /* Preview Assets.xcassets */ = {isa = PBXFileReference; lastKnownFileType = folder.assetcatalog; path = "Preview Assets.xcassets"; sourceTree = "<group>"; };
		D6C8DF1B2541D70300669E2B /* Info.plist */ = {isa = PBXFileReference; lastKnownFileType = text.plist.xml; path = Info.plist; sourceTree = "<group>"; };
/* End PBXFileReference section */

/* Begin PBXFrameworksBuildPhase section */
		D6C8DF0C2541D6FD00669E2B /* Frameworks */ = {
			isa = PBXFrameworksBuildPhase;
			buildActionMask = 2147483647;
			files = (
			);
			runOnlyForDeploymentPostprocessing = 0;
		};
/* End PBXFrameworksBuildPhase section */

/* Begin PBXGroup section */
		D6C8DF062541D6FD00669E2B = {
			isa = PBXGroup;
			children = (
				D6C8DF112541D6FD00669E2B /* DnD Roller */,
				D6C8DF102541D6FD00669E2B /* Products */,
			);
			sourceTree = "<group>";
		};
		D6C8DF102541D6FD00669E2B /* Products */ = {
			isa = PBXGroup;
			children = (
				D6C8DF0F2541D6FD00669E2B /* DnD Roller.app */,
			);
			name = Products;
			sourceTree = "<group>";
		};
		D6C8DF112541D6FD00669E2B /* DnD Roller */ = {
			isa = PBXGroup;
			children = (
				D6C8DF122541D6FD00669E2B /* DnD_RollerApp.swift */,
				D6C8DF142541D6FD00669E2B /* ContentView.swift */,
				D612D0BF25473C6900EEE9D7 /* JaeView.swift */,
				D6C8DF162541D70300669E2B /* Assets.xcassets */,
				D6C8DF1B2541D70300669E2B /* Info.plist */,
				D6C8DF182541D70300669E2B /* Preview Content */,
			);
			path = "DnD Roller";
			sourceTree = "<group>";
		};
		D6C8DF182541D70300669E2B /* Preview Content */ = {
			isa = PBXGroup;
			children = (
				D6C8DF192541D70300669E2B /* Preview Assets.xcassets */,
			);
			path = "Preview Content";
			sourceTree = "<group>";
		};
/* End PBXGroup section */

/* Begin PBXNativeTarget section */
		D6C8DF0E2541D6FD00669E2B /* DnD Roller */ = {
			isa = PBXNativeTarget;
			buildConfigurationList = D6C8DF1E2541D70300669E2B /* Build configuration list for PBXNativeTarget "DnD Roller" */;
			buildPhases = (
				D6C8DF0B2541D6FD00669E2B /* Sources */,
				D6C8DF0C2541D6FD00669E2B /* Frameworks */,
				D6C8DF0D2541D6FD00669E2B /* Resources */,
			);
			buildRules = (
			);
			dependencies = (
			);
			name = "DnD Roller";
			productName = "DnD Roller";
			productReference = D6C8DF0F2541D6FD00669E2B /* DnD Roller.app */;
			productType = "com.apple.product-type.application";
		};
/* End PBXNativeTarget section */

/* Begin PBXProject section */
		D6C8DF072541D6FD00669E2B /* Project object */ = {
			isa = PBXProject;
			attributes = {
				LastSwiftUpdateCheck = 1200;
				LastUpgradeCheck = 1200;
				TargetAttributes = {
					D6C8DF0E2541D6FD00669E2B = {
						CreatedOnToolsVersion = 12.0.1;
					};
				};
			};
			buildConfigurationList = D6C8DF0A2541D6FD00669E2B /* Build configuration list for PBXProject "DnD Roller" */;
			compatibilityVersion = "Xcode 9.3";
			developmentRegion = en;
			hasScannedForEncodings = 0;
			knownRegions = (
				en,
				Base,
			);
			mainGroup = D6C8DF062541D6FD00669E2B;
			productRefGroup = D6C8DF102541D6FD00669E2B /* Products */;
			projectDirPath = "";
			projectRoot = "";
			targets = (
				D6C8DF0E2541D6FD00669E2B /* DnD Roller */,
			);
		};
/* End PBXProject section */

/* Begin PBXResourcesBuildPhase section */
		D6C8DF0D2541D6FD00669E2B /* Resources */ = {
			isa = PBXResourcesBuildPhase;
			buildActionMask = 2147483647;
			files = (
				D6C8DF1A2541D70300669E2B /* Preview Assets.xcassets in Resources */,
				D6C8DF172541D70300669E2B /* Assets.xcassets in Resources */,
			);
			runOnlyForDeploymentPostprocessing = 0;
		};
/* End PBXResourcesBuildPhase section */

/* Begin PBXSourcesBuildPhase section */
		D6C8DF0B2541D6FD00669E2B /* Sources */ = {
			isa = PBXSourcesBuildPhase;
			buildActionMask = 2147483647;
			files = (
				D6C8DF152541D6FD00669E2B /* ContentView.swift in Sources */,
				D6C8DF132541D6FD00669E2B /* DnD_RollerApp.swift in Sources */,
				D612D0C025473C6900EEE9D7 /* JaeView.swift in Sources */,
			);
			runOnlyForDeploymentPostprocessing = 0;
		};
/* End PBXSourcesBuildPhase section */

/* Begin XCBuildConfiguration section */
		D6C8DF1C2541D70300669E2B /* Debug */ = {
			isa = XCBuildConfiguration;
			buildSettings = {
				ALWAYS_SEARCH_USER_PATHS = NO;
				CLANG_ANALYZER_NONNULL = YES;
				CLANG_ANALYZER_NUMBER_OBJECT_CONVERSION = YES_AGGRESSIVE;
				CLANG_CXX_LANGUAGE_STANDARD = "gnu++14";
				CLANG_CXX_LIBRARY = "libc++";
				CLANG_ENABLE_MODULES = YES;
				CLANG_ENABLE_OBJC_ARC = YES;
				CLANG_ENABLE_OBJC_WEAK = YES;
				CLANG_WARN_BLOCK_CAPTURE_AUTORELEASING = YES;
				CLANG_WARN_BOOL_CONVERSION = YES;
				CLANG_WARN_COMMA = YES;
				CLANG_WARN_CONSTANT_CONVERSION = YES;
				CLANG_WARN_DEPRECATED_OBJC_IMPLEMENTATIONS = YES;
				CLANG_WARN_DIRECT_OBJC_ISA_USAGE = YES_ERROR;
				CLANG_WARN_DOCUMENTATION_COMMENTS = YES;
				CLANG_WARN_EMPTY_BODY = YES;
				CLANG_WARN_ENUM_CONVERSION = YES;
				CLANG_WARN_INFINITE_RECURSION = YES;
				CLANG_WARN_INT_CONVERSION = YES;
				CLANG_WARN_NON_LITERAL_NULL_CONVERSION = YES;
				CLANG_WARN_OBJC_IMPLICIT_RETAIN_SELF = YES;
				CLANG_WARN_OBJC_LITERAL_CONVERSION = YES;
				CLANG_WARN_OBJC_ROOT_CLASS = YES_ERROR;
				CLANG_WARN_QUOTED_INCLUDE_IN_FRAMEWORK_HEADER = YES;
				CLANG_WARN_RANGE_LOOP_ANALYSIS = YES;
				CLANG_WARN_STRICT_PROTOTYPES = YES;
				CLANG_WARN_SUSPICIOUS_MOVE = YES;
				CLANG_WARN_UNGUARDED_AVAILABILITY = YES_AGGRESSIVE;
				CLANG_WARN_UNREACHABLE_CODE = YES;
				CLANG_WARN__DUPLICATE_METHOD_MATCH = YES;
				COPY_PHASE_STRIP = NO;
				DEBUG_INFORMATION_FORMAT = dwarf;
				ENABLE_STRICT_OBJC_MSGSEND = YES;
				ENABLE_TESTABILITY = YES;
				GCC_C_LANGUAGE_STANDARD = gnu11;
				GCC_DYNAMIC_NO_PIC = NO;
				GCC_NO_COMMON_BLOCKS = YES;
				GCC_OPTIMIZATION_LEVEL = 0;
				GCC_PREPROCESSOR_DEFINITIONS = (
					"DEBUG=1",
					"$(inherited)",
				);
				GCC_WARN_64_TO_32_BIT_CONVERSION = YES;
				GCC_WARN_ABOUT_RETURN_TYPE = YES_ERROR;
				GCC_WARN_UNDECLARED_SELECTOR = YES;
				GCC_WARN_UNINITIALIZED_AUTOS = YES_AGGRESSIVE;
				GCC_WARN_UNUSED_FUNCTION = YES;
				GCC_WARN_UNUSED_VARIABLE = YES;
				IPHONEOS_DEPLOYMENT_TARGET = 14.0;
				MTL_ENABLE_DEBUG_INFO = INCLUDE_SOURCE;
				MTL_FAST_MATH = YES;
				ONLY_ACTIVE_ARCH = YES;
				SDKROOT = iphoneos;
				SWIFT_ACTIVE_COMPILATION_CONDITIONS = DEBUG;
				SWIFT_OPTIMIZATION_LEVEL = "-Onone";
			};
			name = Debug;
		};
		D6C8DF1D2541D70300669E2B /* Release */ = {
			isa = XCBuildConfiguration;
			buildSettings = {
				ALWAYS_SEARCH_USER_PATHS = NO;
				CLANG_ANALYZER_NONNULL = YES;
				CLANG_ANALYZER_NUMBER_OBJECT_CONVERSION = YES_AGGRESSIVE;
				CLANG_CXX_LANGUAGE_STANDARD = "gnu++14";
				CLANG_CXX_LIBRARY = "libc++";
				CLANG_ENABLE_MODULES = YES;
				CLANG_ENABLE_OBJC_ARC = YES;
				CLANG_ENABLE_OBJC_WEAK = YES;
				CLANG_WARN_BLOCK_CAPTURE_AUTORELEASING = YES;
				CLANG_WARN_BOOL_CONVERSION = YES;
				CLANG_WARN_COMMA = YES;
				CLANG_WARN_CONSTANT_CONVERSION = YES;
				CLANG_WARN_DEPRECATED_OBJC_IMPLEMENTATIONS = YES;
				CLANG_WARN_DIRECT_OBJC_ISA_USAGE = YES_ERROR;
				CLANG_WARN_DOCUMENTATION_COMMENTS = YES;
				CLANG_WARN_EMPTY_BODY = YES;
				CLANG_WARN_ENUM_CONVERSION = YES;
				CLANG_WARN_INFINITE_RECURSION = YES;
				CLANG_WARN_INT_CONVERSION = YES;
				CLANG_WARN_NON_LITERAL_NULL_CONVERSION = YES;
				CLANG_WARN_OBJC_IMPLICIT_RETAIN_SELF = YES;
				CLANG_WARN_OBJC_LITERAL_CONVERSION = YES;
				CLANG_WARN_OBJC_ROOT_CLASS = YES_ERROR;
				CLANG_WARN_QUOTED_INCLUDE_IN_FRAMEWORK_HEADER = YES;
				CLANG_WARN_RANGE_LOOP_ANALYSIS = YES;
				CLANG_WARN_STRICT_PROTOTYPES = YES;
				CLANG_WARN_SUSPICIOUS_MOVE = YES;
				CLANG_WARN_UNGUARDED_AVAILABILITY = YES_AGGRESSIVE;
				CLANG_WARN_UNREACHABLE_CODE = YES;
				CLANG_WARN__DUPLICATE_METHOD_MATCH = YES;
				COPY_PHASE_STRIP = NO;
				DEBUG_INFORMATION_FORMAT = "dwarf-with-dsym";
				ENABLE_NS_ASSERTIONS = NO;
				ENABLE_STRICT_OBJC_MSGSEND = YES;
				GCC_C_LANGUAGE_STANDARD = gnu11;
				GCC_NO_COMMON_BLOCKS = YES;
				GCC_WARN_64_TO_32_BIT_CONVERSION = YES;
				GCC_WARN_ABOUT_RETURN_TYPE = YES_ERROR;
				GCC_WARN_UNDECLARED_SELECTOR = YES;
				GCC_WARN_UNINITIALIZED_AUTOS = YES_AGGRESSIVE;
				GCC_WARN_UNUSED_FUNCTION = YES;
				GCC_WARN_UNUSED_VARIABLE = YES;
				IPHONEOS_DEPLOYMENT_TARGET = 14.0;
				MTL_ENABLE_DEBUG_INFO = NO;
				MTL_FAST_MATH = YES;
				SDKROOT = iphoneos;
				SWIFT_COMPILATION_MODE = wholemodule;
				SWIFT_OPTIMIZATION_LEVEL = "-O";
				VALIDATE_PRODUCT = YES;
			};
			name = Release;
		};
		D6C8DF1F2541D70300669E2B /* Debug */ = {
			isa = XCBuildConfiguration;
			buildSettings = {
				ASSETCATALOG_COMPILER_APPICON_NAME = AppIcon;
				ASSETCATALOG_COMPILER_GLOBAL_ACCENT_COLOR_NAME = AccentColor;
				CODE_SIGN_STYLE = Automatic;
				DEVELOPMENT_ASSET_PATHS = "\"DnD Roller/Preview Content\"";
				DEVELOPMENT_TEAM = G3B72QC3F7;
				ENABLE_PREVIEWS = YES;
				INFOPLIST_FILE = "DnD Roller/Info.plist";
				IPHONEOS_DEPLOYMENT_TARGET = 14.0;
				LD_RUNPATH_SEARCH_PATHS = (
					"$(inherited)",
					"@executable_path/Frameworks",
				);
				PRODUCT_BUNDLE_IDENTIFIER = "com.sustworks.DnD-Roller";
				PRODUCT_NAME = "$(TARGET_NAME)";
				SWIFT_VERSION = 5.0;
				TARGETED_DEVICE_FAMILY = "1,2";
			};
			name = Debug;
		};
		D6C8DF202541D70300669E2B /* Release */ = {
			isa = XCBuildConfiguration;
			buildSettings = {
				ASSETCATALOG_COMPILER_APPICON_NAME = AppIcon;
				ASSETCATALOG_COMPILER_GLOBAL_ACCENT_COLOR_NAME = AccentColor;
				CODE_SIGN_STYLE = Automatic;
				DEVELOPMENT_ASSET_PATHS = "\"DnD Roller/Preview Content\"";
				DEVELOPMENT_TEAM = G3B72QC3F7;
				ENABLE_PREVIEWS = YES;
				INFOPLIST_FILE = "DnD Roller/Info.plist";
				IPHONEOS_DEPLOYMENT_TARGET = 14.0;
				LD_RUNPATH_SEARCH_PATHS = (
					"$(inherited)",
					"@executable_path/Frameworks",
				);
				PRODUCT_BUNDLE_IDENTIFIER = "com.sustworks.DnD-Roller";
				PRODUCT_NAME = "$(TARGET_NAME)";
				SWIFT_VERSION = 5.0;
				TARGETED_DEVICE_FAMILY = "1,2";
			};
			name = Release;
		};
/* End XCBuildConfiguration section */

/* Begin XCConfigurationList section */
		D6C8DF0A2541D6FD00669E2B /* Build configuration list for PBXProject "DnD Roller" */ = {
			isa = XCConfigurationList;
			buildConfigurations = (
				D6C8DF1C2541D70300669E2B /* Debug */,
				D6C8DF1D2541D70300669E2B /* Release */,
			);
			defaultConfigurationIsVisible = 0;
			defaultConfigurationName = Release;
		};
		D6C8DF1E2541D70300669E2B /* Build configuration list for PBXNativeTarget "DnD Roller" */ = {
			isa = XCConfigurationList;
			buildConfigurations = (
				D6C8DF1F2541D70300669E2B /* Debug */,
				D6C8DF202541D70300669E2B /* Release */,
			);
			defaultConfigurationIsVisible = 0;
			defaultConfigurationName = Release;
		};
/* End XCConfigurationList section */
	};
	rootObject = D6C8DF072541D6FD00669E2B /* Project object */;
}
